Microsoft Visual Studio Solution File, Format Version 12.00
# Visual Studio 15
VisualStudioVersion = 15.0.26222.1
MinimumVisualStudioVersion = 10.0.40219.1
Project("{2150E333-8FDC-42A3-9474-1A3956D46DE8}") = "src", "src", "{BF6259DF-1725-4766-B05C-4C94045A0070}"
	ProjectSection(SolutionItems) = preProject
		NuGet.config = NuGet.config
	EndProjectSection
EndProject
Project("{9A19103F-16F7-4668-BE54-9A1E7A4F7556}") = "ControlFilteredResults", "src\ControlFilteredResults\ControlFilteredResults.csproj", "{F928C7EC-DA94-4696-9370-E4E2AAD00C01}"
EndProject
Global
	GlobalSection(SolutionConfigurationPlatforms) = preSolution
		Debug|Any CPU = Debug|Any CPU
		Release|Any CPU = Release|Any CPU
	EndGlobalSection
	GlobalSection(ProjectConfigurationPlatforms) = postSolution
		{F928C7EC-DA94-4696-9370-E4E2AAD00C01}.Debug|Any CPU.ActiveCfg = Debug|Any CPU
		{F928C7EC-DA94-4696-9370-E4E2AAD00C01}.Debug|Any CPU.Build.0 = Debug|Any CPU
		{F928C7EC-DA94-4696-9370-E4E2AAD00C01}.Release|Any CPU.ActiveCfg = Release|Any CPU
		{F928C7EC-DA94-4696-9370-E4E2AAD00C01}.Release|Any CPU.Build.0 = Release|Any CPU
	EndGlobalSection
	GlobalSection(SolutionProperties) = preSolution
		HideSolutionNode = FALSE
	EndGlobalSection
	GlobalSection(NestedProjects) = preSolution
		{F928C7EC-DA94-4696-9370-E4E2AAD00C01} = {BF6259DF-1725-4766-B05C-4C94045A0070}
	EndGlobalSection
EndGlobal
