
Microsoft Visual Studio Solution File, Format Version 12.00
# Visual Studio 14
VisualStudioVersion = 14.0.25123.0
MinimumVisualStudioVersion = 10.0.40219.1
Project("{2150E333-8FDC-42A3-9474-1A3956D46DE8}") = "src", "src", "{BF6259DF-1725-4766-B05C-4C94045A0070}"
EndProject
Project("{2150E333-8FDC-42A3-9474-1A3956D46DE8}") = "Solution Items", "Solution Items", "{79E3BA5A-CBC0-4638-844D-FABA59E32DC2}"
	ProjectSection(SolutionItems) = preProject
		global.json = global.json
	EndProjectSection
EndProject
Project("{8BB2217D-0F2D-49D1-97BC-3654ED321F3B}") = "ControlFilteredResults", "src\ControlFilteredResults\ControlFilteredResults.xproj", "{F928C7EC-DA94-4696-9370-E4E2AAD00C01}"
EndProject
Global
	GlobalSection(SolutionConfigurationPlatforms) = preSolution
		Debug|Any CPU = Debug|Any CPU
		Release|Any CPU = Release|Any CPU
	EndGlobalSection
	GlobalSection(ProjectConfigurationPlatforms) = postSolution
		{F928C7EC-DA94-4696-9370-E4E2AAD00C01}.Debug|Any CPU.ActiveCfg = Debug|Any CPU
		{F928C7EC-DA94-4696-9370-E4E2AAD00C01}.Debug|Any CPU.Build.0 = Debug|Any CPU
		{F928C7EC-DA94-4696-9370-E4E2AAD00C01}.Release|Any CPU.ActiveCfg = Release|Any CPU
		{F928C7EC-DA94-4696-9370-E4E2AAD00C01}.Release|Any CPU.Build.0 = Release|Any CPU
	EndGlobalSection
	GlobalSection(SolutionProperties) = preSolution
		HideSolutionNode = FALSE
	EndGlobalSection
	GlobalSection(NestedProjects) = preSolution
		{F928C7EC-DA94-4696-9370-E4E2AAD00C01} = {BF6259DF-1725-4766-B05C-4C94045A0070}
	EndGlobalSection
EndGlobal
